
Microsoft Visual Studio Solution File, Format Version 12.00
# Visual Studio Version 17
VisualStudioVersion = 17.11.35222.181
MinimumVisualStudioVersion = 10.0.40219.1
Project("{FAE04EC0-301F-11D3-BF4B-00C04F79EFBC}") = "ControlEscolar", "ControlEscolar.csproj", "{47AD4CEA-A566-4640-B79B-B14FF2E1E1ED}"
EndProject
Project("{FAE04EC0-301F-11D3-BF4B-00C04F79EFBC}") = "ControlEscolarCore", "..\ControlEscolarCore\ControlEscolarCore.csproj", "{C642B85C-1CF3-4951-AEEE-FAE62EF944D7}"
EndProject
Project("{FAE04EC0-301F-11D3-BF4B-00C04F79EFBC}") = "API_Estudiantes_Test", "..\API_Estudiantes_Test\API_Estudiantes_Test.csproj", "{78FA4BFB-BBFA-4D11-BE37-57FAB73C5917}"
EndProject
Global
	GlobalSection(SolutionConfigurationPlatforms) = preSolution
		Debug|Any CPU = Debug|Any CPU
		Release|Any CPU = Release|Any CPU
	EndGlobalSection
	GlobalSection(ProjectConfigurationPlatforms) = postSolution
		{47AD4CEA-A566-4640-B79B-B14FF2E1E1ED}.Debug|Any CPU.ActiveCfg = Debug|Any CPU
		{47AD4CEA-A566-4640-B79B-B14FF2E1E1ED}.Debug|Any CPU.Build.0 = Debug|Any CPU
		{47AD4CEA-A566-4640-B79B-B14FF2E1E1ED}.Release|Any CPU.ActiveCfg = Release|Any CPU
		{47AD4CEA-A566-4640-B79B-B14FF2E1E1ED}.Release|Any CPU.Build.0 = Release|Any CPU
		{C642B85C-1CF3-4951-AEEE-FAE62EF944D7}.Debug|Any CPU.ActiveCfg = Debug|Any CPU
		{C642B85C-1CF3-4951-AEEE-FAE62EF944D7}.Debug|Any CPU.Build.0 = Debug|Any CPU
		{C642B85C-1CF3-4951-AEEE-FAE62EF944D7}.Release|Any CPU.ActiveCfg = Release|Any CPU
		{C642B85C-1CF3-4951-AEEE-FAE62EF944D7}.Release|Any CPU.Build.0 = Release|Any CPU
		{78FA4BFB-BBFA-4D11-BE37-57FAB73C5917}.Debug|Any CPU.ActiveCfg = Debug|Any CPU
		{78FA4BFB-BBFA-4D11-BE37-57FAB73C5917}.Debug|Any CPU.Build.0 = Debug|Any CPU
		{78FA4BFB-BBFA-4D11-BE37-57FAB73C5917}.Release|Any CPU.ActiveCfg = Release|Any CPU
		{78FA4BFB-BBFA-4D11-BE37-57FAB73C5917}.Release|Any CPU.Build.0 = Release|Any CPU
	EndGlobalSection
	GlobalSection(SolutionProperties) = preSolution
		HideSolutionNode = FALSE
	EndGlobalSection
	GlobalSection(ExtensibilityGlobals) = postSolution
		SolutionGuid = {79511A67-B0CB-43AB-B62A-4DA36E301131}
	EndGlobalSection
EndGlobal
